
Microsoft Visual Studio Solution File, Format Version 12.00
# Visual Studio Version 17
VisualStudioVersion = 17.7.34031.279
MinimumVisualStudioVersion = 10.0.40219.1
Project("{FAE04EC0-301F-11D3-BF4B-00C04F79EFBC}") = "DiscordBot", "DiscordBot.csproj", "{2CDD59EE-86D6-453A-99C0-26347E2766C6}"
EndProject
Global
	GlobalSection(SolutionConfigurationPlatforms) = preSolution
		Debug|Any CPU = Debug|Any CPU
		Release|Any CPU = Release|Any CPU
	EndGlobalSection
	GlobalSection(ProjectConfigurationPlatforms) = postSolution
		{2CDD59EE-86D6-453A-99C0-26347E2766C6}.Debug|Any CPU.ActiveCfg = Debug|Any CPU
		{2CDD59EE-86D6-453A-99C0-26347E2766C6}.Debug|Any CPU.Build.0 = Debug|Any CPU
		{2CDD59EE-86D6-453A-99C0-26347E2766C6}.Release|Any CPU.ActiveCfg = Release|Any CPU
		{2CDD59EE-86D6-453A-99C0-26347E2766C6}.Release|Any CPU.Build.0 = Release|Any CPU
	EndGlobalSection
	GlobalSection(SolutionProperties) = preSolution
		HideSolutionNode = FALSE
	EndGlobalSection
	GlobalSection(ExtensibilityGlobals) = postSolution
		SolutionGuid = {09CDE1FB-1FA9-47D7-9A83-51A20EC7E59D}
	EndGlobalSection
EndGlobal
